
Microsoft Visual Studio Solution File, Format Version 12.00
# Visual Studio 2015
Project("{FAE04EC0-301F-11D3-BF4B-00C04F79EFBC}") = "bjgltest", "bjgltest.csproj", "{B8618CAB-192C-2249-5B69-D5AF23B2314C}"
EndProject
Global
	GlobalSection(SolutionConfigurationPlatforms) = preSolution
		Debug|Any CPU = Debug|Any CPU
		Release|Any CPU = Release|Any CPU
	EndGlobalSection
	GlobalSection(ProjectConfigurationPlatforms) = postSolution
		{B8618CAB-192C-2249-5B69-D5AF23B2314C}.Debug|Any CPU.ActiveCfg = Debug|Any CPU
		{B8618CAB-192C-2249-5B69-D5AF23B2314C}.Debug|Any CPU.Build.0 = Debug|Any CPU
		{B8618CAB-192C-2249-5B69-D5AF23B2314C}.Release|Any CPU.ActiveCfg = Release|Any CPU
		{B8618CAB-192C-2249-5B69-D5AF23B2314C}.Release|Any CPU.Build.0 = Release|Any CPU
	EndGlobalSection
	GlobalSection(SolutionProperties) = preSolution
		HideSolutionNode = FALSE
	EndGlobalSection
EndGlobal
